// !$*UTF8*$!
{
	archiveVersion = 1;
	classes = {
	};
	objectVersion = 46;
	objects = {

/* Begin PBXBuildFile section */
		41FD09561D145416008695C8 /* AppDelegate.swift in Sources */ = {isa = PBXBuildFile; fileRef = 41FD09551D145416008695C8 /* AppDelegate.swift */; };
		41FD09581D145416008695C8 /* ViewController.swift in Sources */ = {isa = PBXBuildFile; fileRef = 41FD09571D145416008695C8 /* ViewController.swift */; };
		41FD095B1D145416008695C8 /* Main.storyboard in Resources */ = {isa = PBXBuildFile; fileRef = 41FD09591D145416008695C8 /* Main.storyboard */; };
		41FD095D1D145416008695C8 /* Assets.xcassets in Resources */ = {isa = PBXBuildFile; fileRef = 41FD095C1D145416008695C8 /* Assets.xcassets */; };
		41FD09601D145416008695C8 /* LaunchScreen.storyboard in Resources */ = {isa = PBXBuildFile; fileRef = 41FD095E1D145416008695C8 /* LaunchScreen.storyboard */; };
		41FD096B1D145416008695C8 /* TestComponentUIViewTests.swift in Sources */ = {isa = PBXBuildFile; fileRef = 41FD096A1D145416008695C8 /* TestComponentUIViewTests.swift */; };
		41FD09761D145416008695C8 /* TestComponentUIViewUITests.swift in Sources */ = {isa = PBXBuildFile; fileRef = 41FD09751D145416008695C8 /* TestComponentUIViewUITests.swift */; };
/* End PBXBuildFile section */

/* Begin PBXContainerItemProxy section */
		41FD09671D145416008695C8 /* PBXContainerItemProxy */ = {
			isa = PBXContainerItemProxy;
			containerPortal = 41FD094A1D145416008695C8 /* Project object */;
			proxyType = 1;
			remoteGlobalIDString = 41FD09511D145416008695C8;
			remoteInfo = TestComponentUIView;
		};
		41FD09721D145416008695C8 /* PBXContainerItemProxy */ = {
			isa = PBXContainerItemProxy;
			containerPortal = 41FD094A1D145416008695C8 /* Project object */;
			proxyType = 1;
			remoteGlobalIDString = 41FD09511D145416008695C8;
			remoteInfo = TestComponentUIView;
		};
/* End PBXContainerItemProxy section */

/* Begin PBXFileReference section */
		41FD09521D145416008695C8 /* TestComponentUIView.app */ = {isa = PBXFileReference; explicitFileType = wrapper.application; includeInIndex = 0; path = TestComponentUIView.app; sourceTree = BUILT_PRODUCTS_DIR; };
		41FD09551D145416008695C8 /* AppDelegate.swift */ = {isa = PBXFileReference; lastKnownFileType = sourcecode.swift; path = AppDelegate.swift; sourceTree = "<group>"; };
		41FD09571D145416008695C8 /* ViewController.swift */ = {isa = PBXFileReference; lastKnownFileType = sourcecode.swift; path = ViewController.swift; sourceTree = "<group>"; };
		41FD095A1D145416008695C8 /* Base */ = {isa = PBXFileReference; lastKnownFileType = file.storyboard; name = Base; path = Base.lproj/Main.storyboard; sourceTree = "<group>"; };
		41FD095C1D145416008695C8 /* Assets.xcassets */ = {isa = PBXFileReference; lastKnownFileType = folder.assetcatalog; path = Assets.xcassets; sourceTree = "<group>"; };
		41FD095F1D145416008695C8 /* Base */ = {isa = PBXFileReference; lastKnownFileType = file.storyboard; name = Base; path = Base.lproj/LaunchScreen.storyboard; sourceTree = "<group>"; };
		41FD09611D145416008695C8 /* Info.plist */ = {isa = PBXFileReference; lastKnownFileType = text.plist.xml; path = Info.plist; sourceTree = "<group>"; };
		41FD09661D145416008695C8 /* TestComponentUIViewTests.xctest */ = {isa = PBXFileReference; explicitFileType = wrapper.cfbundle; includeInIndex = 0; path = TestComponentUIViewTests.xctest; sourceTree = BUILT_PRODUCTS_DIR; };
		41FD096A1D145416008695C8 /* TestComponentUIViewTests.swift */ = {isa = PBXFileReference; lastKnownFileType = sourcecode.swift; path = TestComponentUIViewTests.swift; sourceTree = "<group>"; };
		41FD096C1D145416008695C8 /* Info.plist */ = {isa = PBXFileReference; lastKnownFileType = text.plist.xml; path = Info.plist; sourceTree = "<group>"; };
		41FD09711D145416008695C8 /* TestComponentUIViewUITests.xctest */ = {isa = PBXFileReference; explicitFileType = wrapper.cfbundle; includeInIndex = 0; path = TestComponentUIViewUITests.xctest; sourceTree = BUILT_PRODUCTS_DIR; };
		41FD09751D145416008695C8 /* TestComponentUIViewUITests.swift */ = {isa = PBXFileReference; lastKnownFileType = sourcecode.swift; path = TestComponentUIViewUITests.swift; sourceTree = "<group>"; };
		41FD09771D145416008695C8 /* Info.plist */ = {isa = PBXFileReference; lastKnownFileType = text.plist.xml; path = Info.plist; sourceTree = "<group>"; };
/* End PBXFileReference section */

/* Begin PBXFrameworksBuildPhase section */
		41FD094F1D145416008695C8 /* Frameworks */ = {
			isa = PBXFrameworksBuildPhase;
			buildActionMask = 2147483647;
			files = (
			);
			runOnlyForDeploymentPostprocessing = 0;
		};
		41FD09631D145416008695C8 /* Frameworks */ = {
			isa = PBXFrameworksBuildPhase;
			buildActionMask = 2147483647;
			files = (
			);
			runOnlyForDeploymentPostprocessing = 0;
		};
		41FD096E1D145416008695C8 /* Frameworks */ = {
			isa = PBXFrameworksBuildPhase;
			buildActionMask = 2147483647;
			files = (
			);
			runOnlyForDeploymentPostprocessing = 0;
		};
/* End PBXFrameworksBuildPhase section */

/* Begin PBXGroup section */
		41FD09491D145416008695C8 = {
			isa = PBXGroup;
			children = (
				41FD09541D145416008695C8 /* TestComponentUIView */,
				41FD09691D145416008695C8 /* TestComponentUIViewTests */,
				41FD09741D145416008695C8 /* TestComponentUIViewUITests */,
				41FD09531D145416008695C8 /* Products */,
			);
			sourceTree = "<group>";
		};
		41FD09531D145416008695C8 /* Products */ = {
			isa = PBXGroup;
			children = (
				41FD09521D145416008695C8 /* TestComponentUIView.app */,
				41FD09661D145416008695C8 /* TestComponentUIViewTests.xctest */,
				41FD09711D145416008695C8 /* TestComponentUIViewUITests.xctest */,
			);
			name = Products;
			sourceTree = "<group>";
		};
		41FD09541D145416008695C8 /* TestComponentUIView */ = {
			isa = PBXGroup;
			children = (
				41FD09551D145416008695C8 /* AppDelegate.swift */,
				41FD09571D145416008695C8 /* ViewController.swift */,
				41FD09591D145416008695C8 /* Main.storyboard */,
				41FD095C1D145416008695C8 /* Assets.xcassets */,
				41FD095E1D145416008695C8 /* LaunchScreen.storyboard */,
				41FD09611D145416008695C8 /* Info.plist */,
			);
			path = TestComponentUIView;
			sourceTree = "<group>";
		};
		41FD09691D145416008695C8 /* TestComponentUIViewTests */ = {
			isa = PBXGroup;
			children = (
				41FD096A1D145416008695C8 /* TestComponentUIViewTests.swift */,
				41FD096C1D145416008695C8 /* Info.plist */,
			);
			path = TestComponentUIViewTests;
			sourceTree = "<group>";
		};
		41FD09741D145416008695C8 /* TestComponentUIViewUITests */ = {
			isa = PBXGroup;
			children = (
				41FD09751D145416008695C8 /* TestComponentUIViewUITests.swift */,
				41FD09771D145416008695C8 /* Info.plist */,
			);
			path = TestComponentUIViewUITests;
			sourceTree = "<group>";
		};
/* End PBXGroup section */

/* Begin PBXNativeTarget section */
		41FD09511D145416008695C8 /* TestComponentUIView */ = {
			isa = PBXNativeTarget;
			buildConfigurationList = 41FD097A1D145416008695C8 /* Build configuration list for PBXNativeTarget "TestComponentUIView" */;
			buildPhases = (
				41FD094E1D145416008695C8 /* Sources */,
				41FD094F1D145416008695C8 /* Frameworks */,
				41FD09501D145416008695C8 /* Resources */,
			);
			buildRules = (
			);
			dependencies = (
			);
			name = TestComponentUIView;
			productName = TestComponentUIView;
			productReference = 41FD09521D145416008695C8 /* TestComponentUIView.app */;
			productType = "com.apple.product-type.application";
		};
		41FD09651D145416008695C8 /* TestComponentUIViewTests */ = {
			isa = PBXNativeTarget;
			buildConfigurationList = 41FD097D1D145416008695C8 /* Build configuration list for PBXNativeTarget "TestComponentUIViewTests" */;
			buildPhases = (
				41FD09621D145416008695C8 /* Sources */,
				41FD09631D145416008695C8 /* Frameworks */,
				41FD09641D145416008695C8 /* Resources */,
			);
			buildRules = (
			);
			dependencies = (
				41FD09681D145416008695C8 /* PBXTargetDependency */,
			);
			name = TestComponentUIViewTests;
			productName = TestComponentUIViewTests;
			productReference = 41FD09661D145416008695C8 /* TestComponentUIViewTests.xctest */;
			productType = "com.apple.product-type.bundle.unit-test";
		};
		41FD09701D145416008695C8 /* TestComponentUIViewUITests */ = {
			isa = PBXNativeTarget;
			buildConfigurationList = 41FD09801D145416008695C8 /* Build configuration list for PBXNativeTarget "TestComponentUIViewUITests" */;
			buildPhases = (
				41FD096D1D145416008695C8 /* Sources */,
				41FD096E1D145416008695C8 /* Frameworks */,
				41FD096F1D145416008695C8 /* Resources */,
			);
			buildRules = (
			);
			dependencies = (
				41FD09731D145416008695C8 /* PBXTargetDependency */,
			);
			name = TestComponentUIViewUITests;
			productName = TestComponentUIViewUITests;
			productReference = 41FD09711D145416008695C8 /* TestComponentUIViewUITests.xctest */;
			productType = "com.apple.product-type.bundle.ui-testing";
		};
/* End PBXNativeTarget section */

/* Begin PBXProject section */
		41FD094A1D145416008695C8 /* Project object */ = {
			isa = PBXProject;
			attributes = {
				LastSwiftUpdateCheck = 0730;
				LastUpgradeCheck = 0730;
				ORGANIZATIONNAME = "Javier Loucim";
				TargetAttributes = {
					41FD09511D145416008695C8 = {
						CreatedOnToolsVersion = 7.3.1;
					};
					41FD09651D145416008695C8 = {
						CreatedOnToolsVersion = 7.3.1;
						TestTargetID = 41FD09511D145416008695C8;
					};
					41FD09701D145416008695C8 = {
						CreatedOnToolsVersion = 7.3.1;
						TestTargetID = 41FD09511D145416008695C8;
					};
				};
			};
			buildConfigurationList = 41FD094D1D145416008695C8 /* Build configuration list for PBXProject "TestComponentUIView" */;
			compatibilityVersion = "Xcode 3.2";
			developmentRegion = English;
			hasScannedForEncodings = 0;
			knownRegions = (
				en,
				Base,
			);
			mainGroup = 41FD09491D145416008695C8;
			productRefGroup = 41FD09531D145416008695C8 /* Products */;
			projectDirPath = "";
			projectRoot = "";
			targets = (
				41FD09511D145416008695C8 /* TestComponentUIView */,
				41FD09651D145416008695C8 /* TestComponentUIViewTests */,
				41FD09701D145416008695C8 /* TestComponentUIViewUITests */,
			);
		};
/* End PBXProject section */

/* Begin PBXResourcesBuildPhase section */
		41FD09501D145416008695C8 /* Resources */ = {
			isa = PBXResourcesBuildPhase;
			buildActionMask = 2147483647;
			files = (
				41FD09601D145416008695C8 /* LaunchScreen.storyboard in Resources */,
				41FD095D1D145416008695C8 /* Assets.xcassets in Resources */,
				41FD095B1D145416008695C8 /* Main.storyboard in Resources */,
			);
			runOnlyForDeploymentPostprocessing = 0;
		};
		41FD09641D145416008695C8 /* Resources */ = {
			isa = PBXResourcesBuildPhase;
			buildActionMask = 2147483647;
			files = (
			);
			runOnlyForDeploymentPostprocessing = 0;
		};
		41FD096F1D145416008695C8 /* Resources */ = {
			isa = PBXResourcesBuildPhase;
			buildActionMask = 2147483647;
			files = (
			);
			runOnlyForDeploymentPostprocessing = 0;
		};
/* End PBXResourcesBuildPhase section */

/* Begin PBXSourcesBuildPhase section */
		41FD094E1D145416008695C8 /* Sources */ = {
			isa = PBXSourcesBuildPhase;
			buildActionMask = 2147483647;
			files = (
				41FD09581D145416008695C8 /* ViewController.swift in Sources */,
				41FD09561D145416008695C8 /* AppDelegate.swift in Sources */,
			);
			runOnlyForDeploymentPostprocessing = 0;
		};
		41FD09621D145416008695C8 /* Sources */ = {
			isa = PBXSourcesBuildPhase;
			buildActionMask = 2147483647;
			files = (
				41FD096B1D145416008695C8 /* TestComponentUIViewTests.swift in Sources */,
			);
			runOnlyForDeploymentPostprocessing = 0;
		};
		41FD096D1D145416008695C8 /* Sources */ = {
			isa = PBXSourcesBuildPhase;
			buildActionMask = 2147483647;
			files = (
				41FD09761D145416008695C8 /* TestComponentUIViewUITests.swift in Sources */,
			);
			runOnlyForDeploymentPostprocessing = 0;
		};
/* End PBXSourcesBuildPhase section */

/* Begin PBXTargetDependency section */
		41FD09681D145416008695C8 /* PBXTargetDependency */ = {
			isa = PBXTargetDependency;
			target = 41FD09511D145416008695C8 /* TestComponentUIView */;
			targetProxy = 41FD09671D145416008695C8 /* PBXContainerItemProxy */;
		};
		41FD09731D145416008695C8 /* PBXTargetDependency */ = {
			isa = PBXTargetDependency;
			target = 41FD09511D145416008695C8 /* TestComponentUIView */;
			targetProxy = 41FD09721D145416008695C8 /* PBXContainerItemProxy */;
		};
/* End PBXTargetDependency section */

/* Begin PBXVariantGroup section */
		41FD09591D145416008695C8 /* Main.storyboard */ = {
			isa = PBXVariantGroup;
			children = (
				41FD095A1D145416008695C8 /* Base */,
			);
			name = Main.storyboard;
			sourceTree = "<group>";
		};
		41FD095E1D145416008695C8 /* LaunchScreen.storyboard */ = {
			isa = PBXVariantGroup;
			children = (
				41FD095F1D145416008695C8 /* Base */,
			);
			name = LaunchScreen.storyboard;
			sourceTree = "<group>";
		};
/* End PBXVariantGroup section */

/* Begin XCBuildConfiguration section */
		41FD09781D145416008695C8 /* Debug */ = {
			isa = XCBuildConfiguration;
			buildSettings = {
				ALWAYS_SEARCH_USER_PATHS = NO;
				CLANG_ANALYZER_NONNULL = YES;
				CLANG_CXX_LANGUAGE_STANDARD = "gnu++0x";
				CLANG_CXX_LIBRARY = "libc++";
				CLANG_ENABLE_MODULES = YES;
				CLANG_ENABLE_OBJC_ARC = YES;
				CLANG_WARN_BOOL_CONVERSION = YES;
				CLANG_WARN_CONSTANT_CONVERSION = YES;
				CLANG_WARN_DIRECT_OBJC_ISA_USAGE = YES_ERROR;
				CLANG_WARN_EMPTY_BODY = YES;
				CLANG_WARN_ENUM_CONVERSION = YES;
				CLANG_WARN_INT_CONVERSION = YES;
				CLANG_WARN_OBJC_ROOT_CLASS = YES_ERROR;
				CLANG_WARN_UNREACHABLE_CODE = YES;
				CLANG_WARN__DUPLICATE_METHOD_MATCH = YES;
				"CODE_SIGN_IDENTITY[sdk=iphoneos*]" = "iPhone Developer";
				COPY_PHASE_STRIP = NO;
				DEBUG_INFORMATION_FORMAT = dwarf;
				ENABLE_STRICT_OBJC_MSGSEND = YES;
				ENABLE_TESTABILITY = YES;
				GCC_C_LANGUAGE_STANDARD = gnu99;
				GCC_DYNAMIC_NO_PIC = NO;
				GCC_NO_COMMON_BLOCKS = YES;
				GCC_OPTIMIZATION_LEVEL = 0;
				GCC_PREPROCESSOR_DEFINITIONS = (
					"DEBUG=1",
					"$(inherited)",
				);
				GCC_WARN_64_TO_32_BIT_CONVERSION = YES;
				GCC_WARN_ABOUT_RETURN_TYPE = YES_ERROR;
				GCC_WARN_UNDECLARED_SELECTOR = YES;
				GCC_WARN_UNINITIALIZED_AUTOS = YES_AGGRESSIVE;
				GCC_WARN_UNUSED_FUNCTION = YES;
				GCC_WARN_UNUSED_VARIABLE = YES;
				IPHONEOS_DEPLOYMENT_TARGET = 9.3;
				MTL_ENABLE_DEBUG_INFO = YES;
				ONLY_ACTIVE_ARCH = YES;
				SDKROOT = iphoneos;
				SWIFT_OPTIMIZATION_LEVEL = "-Onone";
			};
			name = Debug;
		};
		41FD09791D145416008695C8 /* Release */ = {
			isa = XCBuildConfiguration;
			buildSettings = {
				ALWAYS_SEARCH_USER_PATHS = NO;
				CLANG_ANALYZER_NONNULL = YES;
				CLANG_CXX_LANGUAGE_STANDARD = "gnu++0x";
				CLANG_CXX_LIBRARY = "libc++";
				CLANG_ENABLE_MODULES = YES;
				CLANG_ENABLE_OBJC_ARC = YES;
				CLANG_WARN_BOOL_CONVERSION = YES;
				CLANG_WARN_CONSTANT_CONVERSION = YES;
				CLANG_WARN_DIRECT_OBJC_ISA_USAGE = YES_ERROR;
				CLANG_WARN_EMPTY_BODY = YES;
				CLANG_WARN_ENUM_CONVERSION = YES;
				CLANG_WARN_INT_CONVERSION = YES;
				CLANG_WARN_OBJC_ROOT_CLASS = YES_ERROR;
				CLANG_WARN_UNREACHABLE_CODE = YES;
				CLANG_WARN__DUPLICATE_METHOD_MATCH = YES;
				"CODE_SIGN_IDENTITY[sdk=iphoneos*]" = "iPhone Developer";
				COPY_PHASE_STRIP = NO;
				DEBUG_INFORMATION_FORMAT = "dwarf-with-dsym";
				ENABLE_NS_ASSERTIONS = NO;
				ENABLE_STRICT_OBJC_MSGSEND = YES;
				GCC_C_LANGUAGE_STANDARD = gnu99;
				GCC_NO_COMMON_BLOCKS = YES;
				GCC_WARN_64_TO_32_BIT_CONVERSION = YES;
				GCC_WARN_ABOUT_RETURN_TYPE = YES_ERROR;
				GCC_WARN_UNDECLARED_SELECTOR = YES;
				GCC_WARN_UNINITIALIZED_AUTOS = YES_AGGRESSIVE;
				GCC_WARN_UNUSED_FUNCTION = YES;
				GCC_WARN_UNUSED_VARIABLE = YES;
				IPHONEOS_DEPLOYMENT_TARGET = 9.3;
				MTL_ENABLE_DEBUG_INFO = NO;
				SDKROOT = iphoneos;
				VALIDATE_PRODUCT = YES;
			};
			name = Release;
		};
		41FD097B1D145416008695C8 /* Debug */ = {
			isa = XCBuildConfiguration;
			buildSettings = {
				ASSETCATALOG_COMPILER_APPICON_NAME = AppIcon;
				INFOPLIST_FILE = TestComponentUIView/Info.plist;
				LD_RUNPATH_SEARCH_PATHS = "$(inherited) @executable_path/Frameworks";
				PRODUCT_BUNDLE_IDENTIFIER = com.fuzeidea.TestComponentUIView;
				PRODUCT_NAME = "$(TARGET_NAME)";
			};
			name = Debug;
		};
		41FD097C1D145416008695C8 /* Release */ = {
			isa = XCBuildConfiguration;
			buildSettings = {
				ASSETCATALOG_COMPILER_APPICON_NAME = AppIcon;
				INFOPLIST_FILE = TestComponentUIView/Info.plist;
				LD_RUNPATH_SEARCH_PATHS = "$(inherited) @executable_path/Frameworks";
				PRODUCT_BUNDLE_IDENTIFIER = com.fuzeidea.TestComponentUIView;
				PRODUCT_NAME = "$(TARGET_NAME)";
			};
			name = Release;
		};
		41FD097E1D145416008695C8 /* Debug */ = {
			isa = XCBuildConfiguration;
			buildSettings = {
				BUNDLE_LOADER = "$(TEST_HOST)";
				INFOPLIST_FILE = TestComponentUIViewTests/Info.plist;
				LD_RUNPATH_SEARCH_PATHS = "$(inherited) @executable_path/Frameworks @loader_path/Frameworks";
				PRODUCT_BUNDLE_IDENTIFIER = com.fuzeidea.TestComponentUIViewTests;
				PRODUCT_NAME = "$(TARGET_NAME)";
				TEST_HOST = "$(BUILT_PRODUCTS_DIR)/TestComponentUIView.app/TestComponentUIView";
			};
			name = Debug;
		};
		41FD097F1D145416008695C8 /* Release */ = {
			isa = XCBuildConfiguration;
			buildSettings = {
				BUNDLE_LOADER = "$(TEST_HOST)";
				INFOPLIST_FILE = TestComponentUIViewTests/Info.plist;
				LD_RUNPATH_SEARCH_PATHS = "$(inherited) @executable_path/Frameworks @loader_path/Frameworks";
				PRODUCT_BUNDLE_IDENTIFIER = com.fuzeidea.TestComponentUIViewTests;
				PRODUCT_NAME = "$(TARGET_NAME)";
				TEST_HOST = "$(BUILT_PRODUCTS_DIR)/TestComponentUIView.app/TestComponentUIView";
			};
			name = Release;
		};
		41FD09811D145416008695C8 /* Debug */ = {
			isa = XCBuildConfiguration;
			buildSettings = {
				INFOPLIST_FILE = TestComponentUIViewUITests/Info.plist;
				LD_RUNPATH_SEARCH_PATHS = "$(inherited) @executable_path/Frameworks @loader_path/Frameworks";
				PRODUCT_BUNDLE_IDENTIFIER = com.fuzeidea.TestComponentUIViewUITests;
				PRODUCT_NAME = "$(TARGET_NAME)";
				TEST_TARGET_NAME = TestComponentUIView;
			};
			name = Debug;
		};
		41FD09821D145416008695C8 /* Release */ = {
			isa = XCBuildConfiguration;
			buildSettings = {
				INFOPLIST_FILE = TestComponentUIViewUITests/Info.plist;
				LD_RUNPATH_SEARCH_PATHS = "$(inherited) @executable_path/Frameworks @loader_path/Frameworks";
				PRODUCT_BUNDLE_IDENTIFIER = com.fuzeidea.TestComponentUIViewUITests;
				PRODUCT_NAME = "$(TARGET_NAME)";
				TEST_TARGET_NAME = TestComponentUIView;
			};
			name = Release;
		};
/* End XCBuildConfiguration section */

/* Begin XCConfigurationList section */
		41FD094D1D145416008695C8 /* Build configuration list for PBXProject "TestComponentUIView" */ = {
			isa = XCConfigurationList;
			buildConfigurations = (
				41FD09781D145416008695C8 /* Debug */,
				41FD09791D145416008695C8 /* Release */,
			);
			defaultConfigurationIsVisible = 0;
			defaultConfigurationName = Release;
		};
		41FD097A1D145416008695C8 /* Build configuration list for PBXNativeTarget "TestComponentUIView" */ = {
			isa = XCConfigurationList;
			buildConfigurations = (
				41FD097B1D145416008695C8 /* Debug */,
				41FD097C1D145416008695C8 /* Release */,
			);
			defaultConfigurationIsVisible = 0;
		};
		41FD097D1D145416008695C8 /* Build configuration list for PBXNativeTarget "TestComponentUIViewTests" */ = {
			isa = XCConfigurationList;
			buildConfigurations = (
				41FD097E1D145416008695C8 /* Debug */,
				41FD097F1D145416008695C8 /* Release */,
			);
			defaultConfigurationIsVisible = 0;
		};
		41FD09801D145416008695C8 /* Build configuration list for PBXNativeTarget "TestComponentUIViewUITests" */ = {
			isa = XCConfigurationList;
			buildConfigurations = (
				41FD09811D145416008695C8 /* Debug */,
				41FD09821D145416008695C8 /* Release */,
			);
			defaultConfigurationIsVisible = 0;
		};
/* End XCConfigurationList section */
	};
	rootObject = 41FD094A1D145416008695C8 /* Project object */;
}
